
Microsoft Visual Studio Solution File, Format Version 12.00
# Visual Studio 15
VisualStudioVersion = 15.0.28307.1145
MinimumVisualStudioVersion = 10.0.40219.1
Project("{E6C563F2-BDC2-4A24-ACBF-01715157DCBB}") = "AreaOccupancyAnalyzer", "AreaOccupancyAnalyzer\AreaOccupancyAnalyzer.asaproj", "{5C9075DF-2F19-4EFB-A352-BF20E9E5A8C2}"
EndProject
Project("{9A19103F-16F7-4668-BE54-9A1E7A4F7556}") = "MockDataGenerator", "..\..\Users\v-disabh\source\repos\MockDataGenerator\MockDataGenerator\MockDataGenerator.csproj", "{BB0EBBAD-899E-4DE1-ACA2-B266E5DC603B}"
EndProject
Global
	GlobalSection(SolutionConfigurationPlatforms) = preSolution
		Debug|Any CPU = Debug|Any CPU
		Release|Any CPU = Release|Any CPU
	EndGlobalSection
	GlobalSection(ProjectConfigurationPlatforms) = postSolution
		{5C9075DF-2F19-4EFB-A352-BF20E9E5A8C2}.Debug|Any CPU.ActiveCfg = Debug|Any CPU
		{5C9075DF-2F19-4EFB-A352-BF20E9E5A8C2}.Debug|Any CPU.Build.0 = Debug|Any CPU
		{5C9075DF-2F19-4EFB-A352-BF20E9E5A8C2}.Release|Any CPU.ActiveCfg = Release|Any CPU
		{5C9075DF-2F19-4EFB-A352-BF20E9E5A8C2}.Release|Any CPU.Build.0 = Release|Any CPU
		{BB0EBBAD-899E-4DE1-ACA2-B266E5DC603B}.Debug|Any CPU.ActiveCfg = Debug|Any CPU
		{BB0EBBAD-899E-4DE1-ACA2-B266E5DC603B}.Debug|Any CPU.Build.0 = Debug|Any CPU
		{BB0EBBAD-899E-4DE1-ACA2-B266E5DC603B}.Release|Any CPU.ActiveCfg = Release|Any CPU
		{BB0EBBAD-899E-4DE1-ACA2-B266E5DC603B}.Release|Any CPU.Build.0 = Release|Any CPU
	EndGlobalSection
	GlobalSection(SolutionProperties) = preSolution
		HideSolutionNode = FALSE
	EndGlobalSection
	GlobalSection(ExtensibilityGlobals) = postSolution
		SolutionGuid = {DC3380D5-77D7-49A8-B755-6DBBAD17C58E}
	EndGlobalSection
EndGlobal
